
Microsoft Visual Studio Solution File, Format Version 12.00
# Visual Studio Version 17
VisualStudioVersion = 17.7.34031.279
MinimumVisualStudioVersion = 10.0.40219.1
Project("{9A19103F-16F7-4668-BE54-9A1E7A4F7556}") = "App_Proyecto2Ev_DI_NC", "App_Proyecto2Ev_DI_NC\App_Proyecto2Ev_DI_NC.csproj", "{3A4B0CD6-D01B-43B3-905A-8182BFD6F896}"
EndProject
Project("{9A19103F-16F7-4668-BE54-9A1E7A4F7556}") = "LibreriaMuebles", "LibreriaMuebles\LibreriaMuebles.csproj", "{0D2A4600-79ED-49E8-80E2-2C307356922A}"
EndProject
Project("{54435603-DBB4-11D2-8724-00A0C9A8B90C}") = "SmartDecor Setup", "SmartDecor Setup\SmartDecor Setup.vdproj", "{FDD7E020-0242-496B-85EB-CB2B425DC214}"
EndProject
Global
	GlobalSection(SolutionConfigurationPlatforms) = preSolution
		Debug|Any CPU = Debug|Any CPU
		Release|Any CPU = Release|Any CPU
	EndGlobalSection
	GlobalSection(ProjectConfigurationPlatforms) = postSolution
		{3A4B0CD6-D01B-43B3-905A-8182BFD6F896}.Debug|Any CPU.ActiveCfg = Debug|Any CPU
		{3A4B0CD6-D01B-43B3-905A-8182BFD6F896}.Debug|Any CPU.Build.0 = Debug|Any CPU
		{3A4B0CD6-D01B-43B3-905A-8182BFD6F896}.Release|Any CPU.ActiveCfg = Release|Any CPU
		{3A4B0CD6-D01B-43B3-905A-8182BFD6F896}.Release|Any CPU.Build.0 = Release|Any CPU
		{0D2A4600-79ED-49E8-80E2-2C307356922A}.Debug|Any CPU.ActiveCfg = Debug|Any CPU
		{0D2A4600-79ED-49E8-80E2-2C307356922A}.Debug|Any CPU.Build.0 = Debug|Any CPU
		{0D2A4600-79ED-49E8-80E2-2C307356922A}.Release|Any CPU.ActiveCfg = Release|Any CPU
		{0D2A4600-79ED-49E8-80E2-2C307356922A}.Release|Any CPU.Build.0 = Release|Any CPU
		{FDD7E020-0242-496B-85EB-CB2B425DC214}.Debug|Any CPU.ActiveCfg = Debug
		{FDD7E020-0242-496B-85EB-CB2B425DC214}.Release|Any CPU.ActiveCfg = Release
	EndGlobalSection
	GlobalSection(SolutionProperties) = preSolution
		HideSolutionNode = FALSE
	EndGlobalSection
	GlobalSection(ExtensibilityGlobals) = postSolution
		SolutionGuid = {80A21DC2-AC66-48F5-850B-57A6B4A67D3F}
	EndGlobalSection
EndGlobal
